
Microsoft Visual Studio Solution File, Format Version 12.00
# Visual Studio Version 17
VisualStudioVersion = 17.2.32602.215
MinimumVisualStudioVersion = 10.0.40219.1
Project("{9A19103F-16F7-4668-BE54-9A1E7A4F7556}") = "AreaDrawer", "AreaDrawer.csproj", "{BE151410-E05E-4FB7-B1C1-FFDCE7490651}"
EndProject
Global
	GlobalSection(SolutionConfigurationPlatforms) = preSolution
		Debug|Any CPU = Debug|Any CPU
		Release|Any CPU = Release|Any CPU
	EndGlobalSection
	GlobalSection(ProjectConfigurationPlatforms) = postSolution
		{BE151410-E05E-4FB7-B1C1-FFDCE7490651}.Debug|Any CPU.ActiveCfg = Debug|Any CPU
		{BE151410-E05E-4FB7-B1C1-FFDCE7490651}.Debug|Any CPU.Build.0 = Debug|Any CPU
		{BE151410-E05E-4FB7-B1C1-FFDCE7490651}.Release|Any CPU.ActiveCfg = Release|Any CPU
		{BE151410-E05E-4FB7-B1C1-FFDCE7490651}.Release|Any CPU.Build.0 = Release|Any CPU
	EndGlobalSection
	GlobalSection(SolutionProperties) = preSolution
		HideSolutionNode = FALSE
	EndGlobalSection
	GlobalSection(ExtensibilityGlobals) = postSolution
		SolutionGuid = {38F96A57-E6A5-44F1-88C9-DA4D917358E6}
	EndGlobalSection
EndGlobal
